{
  "version": 1,
  "dependencies": {
    "net10.0": {
      "Config.Net": {
        "type": "Direct",
        "requested": "[4.15.0, )",
        "resolved": "4.15.0",
        "contentHash": "pCaY046DggydAIQ6DjKjIgfR3YoAIZNcSiqvJrOUyjwMxY481pxlv1f7NIW8XH+qPTIHXIZEoTyL+NmEUOxvZA==",
        "dependencies": {
          "Castle.Core": "4.4.0",
          "System.Configuration.ConfigurationManager": "4.7.0"
        }
      },
      "Config.Net.Json": {
        "type": "Direct",
        "requested": "[4.15.0, )",
        "resolved": "4.15.0",
        "contentHash": "OX5Fju1NKbx1TgLnNEHPVjLmN3cZ3uGtmnQRnp0WuxbuQ62RmS/qUtualO6zfAiXCVEUFTAkxN79OfW2fC6hPQ==",
        "dependencies": {
          "Config.Net": "4.15.0",
          "Newtonsoft.Json": "12.0.3"
        }
      },
      "Discord.Net": {
        "type": "Direct",
        "requested": "[2.4.0, )",
        "resolved": "2.4.0",
        "contentHash": "cP2GoFsvkMf7xruBiUZlIG4HWeUsMosU7qZg+3E0DeIoCEDQ/2N3fi49RX1LjS6CEdBb8s2IabD/OVP7QCEz3g==",
        "dependencies": {
          "Discord.Net.Commands": "2.4.0",
          "Discord.Net.Core": "2.4.0",
          "Discord.Net.Rest": "2.4.0",
          "Discord.Net.WebSocket": "2.4.0",
          "Discord.Net.Webhook": "2.4.0"
        }
      },
      "NLog": {
        "type": "Direct",
        "requested": "[4.7.10, )",
        "resolved": "4.7.10",
        "contentHash": "rcegW7kYOCjl7wX0SzsqpPBqnJ51JKi1WkYb6QBVX0Wc5IgH19Pv4t/co+T0s06OS0Ne44xgkY/mHg0PdrmJow=="
      },
      "SocketIOClient": {
        "type": "Direct",
        "requested": "[2.2.0, )",
        "resolved": "2.2.0",
        "contentHash": "vcHjmA15Vd+5e9Es6ypJOdCk//IbBN4+8L2zh7cns02Jjr/OMWWSUdojaHaWtzD7HlBsCM4VAN52HSIcrlKEKw=="
      },
      "System.Configuration.ConfigurationManager": {
        "type": "Direct",
        "requested": "[10.0.0, )",
        "resolved": "10.0.0",
        "contentHash": "0B+BzJ6pPMrRzJrVsttKf9MfDj6Syw9xoY+agcS9VssYQali1446+jTf5v1K94AMFUBxLXqDZlaTjO5edaI3jA==",
        "dependencies": {
          "System.Diagnostics.EventLog": "10.0.0",
          "System.Security.Cryptography.ProtectedData": "10.0.0"
        }
      },
      "WebSocketSharp": {
        "type": "Direct",
        "requested": "[1.0.3-rc11, )",
        "resolved": "1.0.3-rc11",
        "contentHash": "7VCF7f7zVMOvLGD8LeGS4DVXc8lOcB6kXnUMeTxigu+PMiU+6wW5Olq2gYrDU8vDRKOwFY+5RyBaLyzb8skEzA=="
      },
      "Castle.Core": {
        "type": "Transitive",
        "resolved": "4.4.0",
        "contentHash": "b5rRL5zeaau1y/5hIbI+6mGw3cwun16YjkHZnV9RRT5UyUIFsgLmNXJ0YnIN9p8Hw7K7AbG1q1UclQVU3DinAQ==",
        "dependencies": {
          "NETStandard.Library": "1.6.1"
        }
      },
      "Discord.Net.Commands": {
        "type": "Transitive",
        "resolved": "2.4.0",
        "contentHash": "KqkqhTBh30ewHVBpGSq10KY0SWk5n0UWFYcxlYziExU+/0g8Ebu3iBGA21SHSvy27fsSUkmQmeUR4e/qs8ksHg==",
        "dependencies": {
          "Discord.Net.Core": "2.4.0"
        }
      },
      "Discord.Net.Core": {
        "type": "Transitive",
        "resolved": "2.4.0",
        "contentHash": "3nRnZgXtwId/iXJqY/BmbFFOXf18TRExE3JYil6RaUEBEjFF9ufMbhTcE249W0rfTv6F2dzrNKa0yXS912a4Kw==",
        "dependencies": {
          "Newtonsoft.Json": "12.0.2",
          "System.Interactive.Async": "4.0.0"
        }
      },
      "Discord.Net.Rest": {
        "type": "Transitive",
        "resolved": "2.4.0",
        "contentHash": "dnC7yId1fPG+WNFKceQTvDB4ZUVP6eneDGpChrT0UXdAFQX18EuN0qVXcZWCDcVTev4ZG3VpN2QENa7TNrxQxA==",
        "dependencies": {
          "Discord.Net.Core": "2.4.0"
        }
      },
      "Discord.Net.Webhook": {
        "type": "Transitive",
        "resolved": "2.4.0",
        "contentHash": "ajQuZvhQMGzkUr1RmB18okjDDigxCmHBrlgGg51LcY87lik4XfWJdVl690AU9l1xl35UVQ/YF4vEDUduczT29w==",
        "dependencies": {
          "Discord.Net.Core": "2.4.0",
          "Discord.Net.Rest": "2.4.0"
        }
      },
      "Discord.Net.WebSocket": {
        "type": "Transitive",
        "resolved": "2.4.0",
        "contentHash": "+cHZFW2H03sGP+0vm8WG+S0dnhWamHfm1Oa4aSW9q8kWXOUhI+3oytb7VuGD2kxNWR/R8Ow8OVl7yhUiWVqqRA==",
        "dependencies": {
          "Discord.Net.Core": "2.4.0",
          "Discord.Net.Rest": "2.4.0"
        }
      },
      "Microsoft.NETCore.Platforms": {
        "type": "Transitive",
        "resolved": "1.1.0",
        "contentHash": "kz0PEW2lhqygehI/d6XsPCQzD7ff7gUJaVGPVETX611eadGsA3A877GdSlU0LRVMCTH/+P3o2iDTak+S08V2+A=="
      },
      "NETStandard.Library": {
        "type": "Transitive",
        "resolved": "1.6.1",
        "contentHash": "WcSp3+vP+yHNgS8EV5J7pZ9IRpeDuARBPN28by8zqff1wJQXm26PVU8L3/fYLBJVU7BtDyqNVWq2KlCVvSSR4A==",
        "dependencies": {
          "Microsoft.NETCore.Platforms": "1.1.0"
        }
      },
      "Newtonsoft.Json": {
        "type": "Transitive",
        "resolved": "13.0.1",
        "contentHash": "ppPFpBcvxdsfUonNcvITKqLl3bqxWbDCZIzDWHzjpdAHRFfZe0Dw9HmA0+za13IdyrgJwpkDTDA9fHaxOrt20A=="
      },
      "System.Diagnostics.EventLog": {
        "type": "Transitive",
        "resolved": "10.0.0",
        "contentHash": "uaFRda9NjtbJRkdx311eXlAA3n2em7223c1A8d1VWyl+4FL9vkG7y2lpPfBU9HYdj/9KgdRNdn1vFK8ZYCYT/A=="
      },
      "System.Interactive.Async": {
        "type": "Transitive",
        "resolved": "4.0.0",
        "contentHash": "tYEzSDQ3rn0G7sGgjcNB91C3dDRJc8m8Lavvu88dwt8FEwKPGZdp/tFs+lQTdqHDV9UItkGIwI8Aa6gGTvzLoQ==",
        "dependencies": {
          "System.Linq.Async": "4.0.0"
        }
      },
      "System.Linq.Async": {
        "type": "Transitive",
        "resolved": "4.0.0",
        "contentHash": "WbiYEedFZeM+psmMyoCt1AKbZppAZg8Eq1ZTQ+521fGNeXqlgJj0tZYV5n1LsKRO5osQuitYxGNuzPTy3213sg=="
      },
      "System.Security.Cryptography.ProtectedData": {
        "type": "Transitive",
        "resolved": "10.0.0",
        "contentHash": "qy6C3gQRTrfhFfuiIYU1jNwWfFdJpBVo1BARW7jgMm1zTEm3LRzLLyOLJGaAuKE+nZCGkEP71y4rj9NWjqLGdQ=="
      },
      "auoffsetmanager": {
        "type": "Project",
        "dependencies": {
          "Newtonsoft.Json": "[13.0.1, )"
        }
      }
    }
  }
}