{
  "version": 1,
  "dependencies": {
    "net10.0": {
      "Config.Net": {
        "type": "Direct",
        "requested": "[4.19.0, )",
        "resolved": "4.19.0",
        "contentHash": "K9gBXM5mwxD0drpCWRg+5V7QIwIuz34XAlwab7PQw5rAuNJBDzTssHvFtCcTa4tp0iW7AWsfma1fQRXpKfP79A==",
        "dependencies": {
          "Castle.Core": "4.4.1",
          "System.Configuration.ConfigurationManager": "6.0.0"
        }
      },
      "Config.Net.Json": {
        "type": "Direct",
        "requested": "[4.15.0, )",
        "resolved": "4.15.0",
        "contentHash": "OX5Fju1NKbx1TgLnNEHPVjLmN3cZ3uGtmnQRnp0WuxbuQ62RmS/qUtualO6zfAiXCVEUFTAkxN79OfW2fC6hPQ==",
        "dependencies": {
          "Config.Net": "4.15.0",
          "Newtonsoft.Json": "12.0.3"
        }
      },
      "NLog": {
        "type": "Direct",
        "requested": "[4.7.15, )",
        "resolved": "4.7.15",
        "contentHash": "vXMmsK17hXnMsKd8BdCrJzvb8JMT0+cPgBGRfnqcXIb6y8b6RMIZexO4hMhQgifcTHgU7dbubvCR5A5wX6Ne+A=="
      },
      "System.Configuration.ConfigurationManager": {
        "type": "Direct",
        "requested": "[10.0.12, )",
        "resolved": "10.0.12",
        "contentHash": "6KP/CGB9YymJuhNorm5FS/urQJB40h6t4DIiXN8J1VT/jINZHNgjzcdWRHGYuXGLwO7SCOq5K/OMAnh6oRbeLg==",
        "dependencies": {
          "System.Diagnostics.EventLog": "10.0.12",
          "System.Security.Cryptography.ProtectedData": "10.0.12"
        }
      },
      "WebSocketSharp": {
        "type": "Direct",
        "requested": "[1.0.3-rc11, )",
        "resolved": "1.0.3-rc11",
        "contentHash": "7VCF7f7zVMOvLGD8LeGS4DVXc8lOcB6kXnUMeTxigu+PMiU+6wW5Olq2gYrDU8vDRKOwFY+5RyBaLyzb8skEzA=="
      },
      "Castle.Core": {
        "type": "Transitive",
        "resolved": "4.4.1",
        "contentHash": "zanbjWC0Y05gbx4eGXkzVycOQqVOFVeCjVsDSyuao9P4mtN1w3WxxTo193NGC7j3o2u3AJRswaoC6hEbnGACnQ==",
        "dependencies": {
          "NETStandard.Library": "1.6.1"
        }
      },
      "Microsoft.NETCore.Platforms": {
        "type": "Transitive",
        "resolved": "1.1.0",
        "contentHash": "kz0PEW2lhqygehI/d6XsPCQzD7ff7gUJaVGPVETX611eadGsA3A877GdSlU0LRVMCTH/+P3o2iDTak+S08V2+A=="
      },
      "NETStandard.Library": {
        "type": "Transitive",
        "resolved": "1.6.1",
        "contentHash": "WcSp3+vP+yHNgS8EV5J7pZ9IRpeDuARBPN28by8zqff1wJQXm26PVU8L3/fYLBJVU7BtDyqNVWq2KlCVvSSR4A==",
        "dependencies": {
          "Microsoft.NETCore.Platforms": "1.1.0"
        }
      },
      "Newtonsoft.Json": {
        "type": "Transitive",
        "resolved": "13.0.4",
        "contentHash": "pdgNNMai3zv51W5aq268sujXUyx7SNdE2bj1wZcWjAQrKMFZV260lbqYop1d2GM67JI1huLRwxo9ZqnfF/lC6A=="
      },
      "System.Diagnostics.EventLog": {
        "type": "Transitive",
        "resolved": "10.0.12",
        "contentHash": "sOZM+VyRj1pg/ItlHsvrSbjws6oGqZveTzTNBGZ9ziwRDyKsOF3ub6vhvOdxotCIqtlnyHAIwP5sLNvgiZC+pQ=="
      },
      "System.Security.Cryptography.ProtectedData": {
        "type": "Transitive",
        "resolved": "10.0.12",
        "contentHash": "wO0W8VDMeRJZakRySOmemAnrBZMwEFRlbfBtATxUiLf2I3IhSRnCp1Vt157NWptdE4IJ7eftd5n8q9LtaKHFTQ=="
      },
      "auoffsetmanager": {
        "type": "Project",
        "dependencies": {
          "Newtonsoft.Json": "[13.0.4, )"
        }
      },
      "auvc.protocol": {
        "type": "Project"
      },
      "auvc.transport": {
        "type": "Project",
        "dependencies": {
          "AUVC.Protocol": "[1.0.0, )",
          "System.Security.Cryptography.ProtectedData": "[10.0.12, )"
        }
      }
    }
  }
}