{
  "version": 1,
  "dependencies": {
    "net10.0-windows7.0": {
      "Config.Net": {
        "type": "Direct",
        "requested": "[4.19.0, )",
        "resolved": "4.19.0",
        "contentHash": "K9gBXM5mwxD0drpCWRg+5V7QIwIuz34XAlwab7PQw5rAuNJBDzTssHvFtCcTa4tp0iW7AWsfma1fQRXpKfP79A==",
        "dependencies": {
          "Castle.Core": "4.4.1"
        }
      },
      "Config.Net.Json": {
        "type": "Direct",
        "requested": "[4.15.0, )",
        "resolved": "4.15.0",
        "contentHash": "OX5Fju1NKbx1TgLnNEHPVjLmN3cZ3uGtmnQRnp0WuxbuQ62RmS/qUtualO6zfAiXCVEUFTAkxN79OfW2fC6hPQ==",
        "dependencies": {
          "Config.Net": "4.15.0",
          "Newtonsoft.Json": "12.0.3"
        }
      },
      "Gu.Wpf.Localization": {
        "type": "Direct",
        "requested": "[6.7.0, )",
        "resolved": "6.7.0",
        "contentHash": "jCW+Z0x8JeV92P4ThL7G7oM5pBiDXDofkArzAK0PrEeIQRICGf6UQGOFV2F11t/lC6ULiJvJ1MIDy9A6rMa8bQ==",
        "dependencies": {
          "Gu.Localization": "6.7.0"
        }
      },
      "HandyControl": {
        "type": "Direct",
        "requested": "[3.0.0, )",
        "resolved": "3.0.0",
        "contentHash": "zvcf9WSdvcD9NbZyNmVqN4HHZczM14DdC3HgQdjaj0WQ9nIR1m5ToDf1qq0fHtQnCwZBm2PJEh+9K5Nox0AEFA=="
      },
      "Humanizer.Core": {
        "type": "Direct",
        "requested": "[3.0.10, )",
        "resolved": "3.0.10",
        "contentHash": "yZIhtw8sYuvsONzQbZxWpR60tMWYHXoo0DL6nyOqSFiU5POjBTSEyWFpTQtJEZuy+oqiYTXKXY/Mjx7KnqIQFw=="
      },
      "LoadingIndicators.WPF.Core": {
        "type": "Direct",
        "requested": "[1.0.1, )",
        "resolved": "1.0.1",
        "contentHash": "mXPqQ22icB868upnR5ppfsfFYnVV4vpXEsow5vUHM90qCuScPWrgZx8cZ74uPI09jyfT3JCsjoYA219M4+KtWQ=="
      },
      "MahApps.Metro": {
        "type": "Direct",
        "requested": "[2.4.11, )",
        "resolved": "2.4.11",
        "contentHash": "pvk757N/ViZy+zlbB56AakryuZkts328M6pX2mMn/Z7r5ifkScDrS300zSBjLd+eGOPeHgUjH4f7cZbRiMyvQg==",
        "dependencies": {
          "ControlzEx": "[4.4.0, 6.0.0)"
        }
      },
      "NLog": {
        "type": "Direct",
        "requested": "[4.7.15, )",
        "resolved": "4.7.15",
        "contentHash": "vXMmsK17hXnMsKd8BdCrJzvb8JMT0+cPgBGRfnqcXIb6y8b6RMIZexO4hMhQgifcTHgU7dbubvCR5A5wX6Ne+A=="
      },
      "Octokit": {
        "type": "Direct",
        "requested": "[0.52.0, )",
        "resolved": "0.52.0",
        "contentHash": "pt3YEYOzLVASiofJni6TTt/3gGZfdw9c4ENkXC7WyAaIfnhYve8y7zh3t5Q3wZ9ARtddY5Nzm5mOMnuUkg0AFQ=="
      },
      "PgpCore": {
        "type": "Direct",
        "requested": "[5.13.1, )",
        "resolved": "5.13.1",
        "contentHash": "wKcswsLB5BLJLyC+Ia2ZFPU/LlycnoGvcrKHFbIpa3dhmxLp0QcQxGNkLRIeKzIDVEa1ZFya882kEkt+xC8ZXQ==",
        "dependencies": {
          "BouncyCastle.Cryptography": "2.1.1"
        }
      },
      "SharedMemory": {
        "type": "Direct",
        "requested": "[2.3.2, )",
        "resolved": "2.3.2",
        "contentHash": "hH34Y9xzvdJpgf/vwyWE/zYlY4BdQS3Zolfdg+8hV9A+UQRsBWyBS62kcLO55mF4etmMoL0PswEbT3lVXJSlFw=="
      },
      "SharpVectors": {
        "type": "Direct",
        "requested": "[1.8.6, )",
        "resolved": "1.8.6",
        "contentHash": "XXeffdyM6CRwW7n7RhNOwhmwnpJHZY1TjVmEQIzrd9xoJHZyDOXQA8gAw7tbI4iXnpezFD7XNuAuC0MhrOBrhA=="
      },
      "WpfScreenHelper": {
        "type": "Direct",
        "requested": "[2.1.1, )",
        "resolved": "2.1.1",
        "contentHash": "xNgiwHaLXOYE4jYYIQ7ddDtsN8diUnjl9t07INUA2pN6Bi/czRjbNwDYyljmixOnLjTv4NU8beDUe+wp1PMi4g=="
      },
      "BouncyCastle.Cryptography": {
        "type": "Transitive",
        "resolved": "2.1.1",
        "contentHash": "NNQaa4eyf5YjSdLKUWGPzq5HXZQc3yGybfIOkR6UY1C/rRFWdo0UhSzBqqnxwGnq3ie4vkN0JlzhhANjfTIJIQ=="
      },
      "Castle.Core": {
        "type": "Transitive",
        "resolved": "4.4.1",
        "contentHash": "zanbjWC0Y05gbx4eGXkzVycOQqVOFVeCjVsDSyuao9P4mtN1w3WxxTo193NGC7j3o2u3AJRswaoC6hEbnGACnQ==",
        "dependencies": {
          "NETStandard.Library": "1.6.1"
        }
      },
      "ControlzEx": {
        "type": "Transitive",
        "resolved": "4.4.0",
        "contentHash": "pZ5z4hYWwE4R13UMCVs6vII//nL7hz+Nwn4oJlnsZJRGqJNy6Z9KnJiTZfly6lKFu0pMc1aWBZpx+VqFTQKP1Q==",
        "dependencies": {
          "Microsoft.Xaml.Behaviors.Wpf": "1.1.19"
        }
      },
      "Discord.Net": {
        "type": "Transitive",
        "resolved": "2.4.0",
        "contentHash": "cP2GoFsvkMf7xruBiUZlIG4HWeUsMosU7qZg+3E0DeIoCEDQ/2N3fi49RX1LjS6CEdBb8s2IabD/OVP7QCEz3g==",
        "dependencies": {
          "Discord.Net.Commands": "2.4.0",
          "Discord.Net.Core": "2.4.0",
          "Discord.Net.Rest": "2.4.0",
          "Discord.Net.WebSocket": "2.4.0",
          "Discord.Net.Webhook": "2.4.0"
        }
      },
      "Discord.Net.Commands": {
        "type": "Transitive",
        "resolved": "2.4.0",
        "contentHash": "KqkqhTBh30ewHVBpGSq10KY0SWk5n0UWFYcxlYziExU+/0g8Ebu3iBGA21SHSvy27fsSUkmQmeUR4e/qs8ksHg==",
        "dependencies": {
          "Discord.Net.Core": "2.4.0"
        }
      },
      "Discord.Net.Core": {
        "type": "Transitive",
        "resolved": "2.4.0",
        "contentHash": "3nRnZgXtwId/iXJqY/BmbFFOXf18TRExE3JYil6RaUEBEjFF9ufMbhTcE249W0rfTv6F2dzrNKa0yXS912a4Kw==",
        "dependencies": {
          "Newtonsoft.Json": "12.0.2",
          "System.Interactive.Async": "4.0.0"
        }
      },
      "Discord.Net.Rest": {
        "type": "Transitive",
        "resolved": "2.4.0",
        "contentHash": "dnC7yId1fPG+WNFKceQTvDB4ZUVP6eneDGpChrT0UXdAFQX18EuN0qVXcZWCDcVTev4ZG3VpN2QENa7TNrxQxA==",
        "dependencies": {
          "Discord.Net.Core": "2.4.0"
        }
      },
      "Discord.Net.Webhook": {
        "type": "Transitive",
        "resolved": "2.4.0",
        "contentHash": "ajQuZvhQMGzkUr1RmB18okjDDigxCmHBrlgGg51LcY87lik4XfWJdVl690AU9l1xl35UVQ/YF4vEDUduczT29w==",
        "dependencies": {
          "Discord.Net.Core": "2.4.0",
          "Discord.Net.Rest": "2.4.0"
        }
      },
      "Discord.Net.WebSocket": {
        "type": "Transitive",
        "resolved": "2.4.0",
        "contentHash": "+cHZFW2H03sGP+0vm8WG+S0dnhWamHfm1Oa4aSW9q8kWXOUhI+3oytb7VuGD2kxNWR/R8Ow8OVl7yhUiWVqqRA==",
        "dependencies": {
          "Discord.Net.Core": "2.4.0",
          "Discord.Net.Rest": "2.4.0"
        }
      },
      "Gu.Localization": {
        "type": "Transitive",
        "resolved": "6.7.0",
        "contentHash": "vLQCsanHnHDQJPWqsPRk01PC5lTp5HMIOggIkZ7Bep0Djt516lDcIElj9jSRdHnZ5+2UUFbf2Fn7K4o9dlSHlw=="
      },
      "Microsoft.NETCore.Platforms": {
        "type": "Transitive",
        "resolved": "1.1.0",
        "contentHash": "kz0PEW2lhqygehI/d6XsPCQzD7ff7gUJaVGPVETX611eadGsA3A877GdSlU0LRVMCTH/+P3o2iDTak+S08V2+A=="
      },
      "Microsoft.Xaml.Behaviors.Wpf": {
        "type": "Transitive",
        "resolved": "1.1.19",
        "contentHash": "5sPWkbqImc2t1aQwIfJcKsUo7tOg1Tr8+6xVzZJB56Nzt4u9NlpcLofgdX/aRYpPKdWDA3U23Akw1KQzU5e82g=="
      },
      "NETStandard.Library": {
        "type": "Transitive",
        "resolved": "1.6.1",
        "contentHash": "WcSp3+vP+yHNgS8EV5J7pZ9IRpeDuARBPN28by8zqff1wJQXm26PVU8L3/fYLBJVU7BtDyqNVWq2KlCVvSSR4A==",
        "dependencies": {
          "Microsoft.NETCore.Platforms": "1.1.0"
        }
      },
      "Newtonsoft.Json": {
        "type": "Transitive",
        "resolved": "13.0.4",
        "contentHash": "pdgNNMai3zv51W5aq268sujXUyx7SNdE2bj1wZcWjAQrKMFZV260lbqYop1d2GM67JI1huLRwxo9ZqnfF/lC6A=="
      },
      "SocketIOClient": {
        "type": "Transitive",
        "resolved": "2.3.1",
        "contentHash": "CcFvfJ0qD3JWw9J+TwEXn4GLSJcKqzD89S1EJNpCCfm97+IfoIhCTJIabeTti4utFIfORajOhalOPYLCK8UlRA=="
      },
      "System.Interactive.Async": {
        "type": "Transitive",
        "resolved": "4.0.0",
        "contentHash": "tYEzSDQ3rn0G7sGgjcNB91C3dDRJc8m8Lavvu88dwt8FEwKPGZdp/tFs+lQTdqHDV9UItkGIwI8Aa6gGTvzLoQ==",
        "dependencies": {
          "System.Linq.Async": "4.0.0"
        }
      },
      "System.Linq.Async": {
        "type": "Transitive",
        "resolved": "4.0.0",
        "contentHash": "WbiYEedFZeM+psmMyoCt1AKbZppAZg8Eq1ZTQ+521fGNeXqlgJj0tZYV5n1LsKRO5osQuitYxGNuzPTy3213sg=="
      },
      "WebSocketSharp": {
        "type": "Transitive",
        "resolved": "1.0.3-rc11",
        "contentHash": "7VCF7f7zVMOvLGD8LeGS4DVXc8lOcB6kXnUMeTxigu+PMiU+6wW5Olq2gYrDU8vDRKOwFY+5RyBaLyzb8skEzA=="
      },
      "amonguscapture": {
        "type": "Project",
        "dependencies": {
          "AUOffsetManager": "[1.0.0, )",
          "Config.Net": "[4.19.0, )",
          "Config.Net.Json": "[4.15.0, )",
          "Discord.Net": "[2.4.0, )",
          "NLog": "[4.7.15, )",
          "SocketIOClient": "[2.3.1, )",
          "WebSocketSharp": "[1.0.3-rc11, )"
        }
      },
      "auoffsetmanager": {
        "type": "Project",
        "dependencies": {
          "Newtonsoft.Json": "[13.0.4, )"
        }
      }
    }
  }
}