{
  "version": 1,
  "dependencies": {
    "net10.0-windows7.0": {
      "Config.Net": {
        "type": "Direct",
        "requested": "[4.15.0, )",
        "resolved": "4.15.0",
        "contentHash": "pCaY046DggydAIQ6DjKjIgfR3YoAIZNcSiqvJrOUyjwMxY481pxlv1f7NIW8XH+qPTIHXIZEoTyL+NmEUOxvZA==",
        "dependencies": {
          "Castle.Core": "4.4.0"
        }
      },
      "Config.Net.Json": {
        "type": "Direct",
        "requested": "[4.15.0, )",
        "resolved": "4.15.0",
        "contentHash": "OX5Fju1NKbx1TgLnNEHPVjLmN3cZ3uGtmnQRnp0WuxbuQ62RmS/qUtualO6zfAiXCVEUFTAkxN79OfW2fC6hPQ==",
        "dependencies": {
          "Config.Net": "4.15.0",
          "Newtonsoft.Json": "12.0.3"
        }
      },
      "Gu.Wpf.Localization": {
        "type": "Direct",
        "requested": "[6.7.0, )",
        "resolved": "6.7.0",
        "contentHash": "jCW+Z0x8JeV92P4ThL7G7oM5pBiDXDofkArzAK0PrEeIQRICGf6UQGOFV2F11t/lC6ULiJvJ1MIDy9A6rMa8bQ==",
        "dependencies": {
          "Gu.Localization": "6.7.0"
        }
      },
      "HandyControl": {
        "type": "Direct",
        "requested": "[3.0.0, )",
        "resolved": "3.0.0",
        "contentHash": "zvcf9WSdvcD9NbZyNmVqN4HHZczM14DdC3HgQdjaj0WQ9nIR1m5ToDf1qq0fHtQnCwZBm2PJEh+9K5Nox0AEFA=="
      },
      "Humanizer.Core": {
        "type": "Direct",
        "requested": "[3.0.10, )",
        "resolved": "3.0.10",
        "contentHash": "yZIhtw8sYuvsONzQbZxWpR60tMWYHXoo0DL6nyOqSFiU5POjBTSEyWFpTQtJEZuy+oqiYTXKXY/Mjx7KnqIQFw=="
      },
      "LoadingIndicators.WPF.Core": {
        "type": "Direct",
        "requested": "[1.0.1, )",
        "resolved": "1.0.1",
        "contentHash": "mXPqQ22icB868upnR5ppfsfFYnVV4vpXEsow5vUHM90qCuScPWrgZx8cZ74uPI09jyfT3JCsjoYA219M4+KtWQ=="
      },
      "MahApps.Metro": {
        "type": "Direct",
        "requested": "[2.4.11, )",
        "resolved": "2.4.11",
        "contentHash": "pvk757N/ViZy+zlbB56AakryuZkts328M6pX2mMn/Z7r5ifkScDrS300zSBjLd+eGOPeHgUjH4f7cZbRiMyvQg==",
        "dependencies": {
          "ControlzEx": "[4.4.0, 6.0.0)"
        }
      },
      "NLog": {
        "type": "Direct",
        "requested": "[4.7.10, )",
        "resolved": "4.7.10",
        "contentHash": "rcegW7kYOCjl7wX0SzsqpPBqnJ51JKi1WkYb6QBVX0Wc5IgH19Pv4t/co+T0s06OS0Ne44xgkY/mHg0PdrmJow=="
      },
      "Octokit": {
        "type": "Direct",
        "requested": "[0.50.0, )",
        "resolved": "0.50.0",
        "contentHash": "J5vqespSvjxIAAtjG1Tc6ghBqyfRgDJtKnk/ifi4N0hD/f3JbPwyEDRT+Eelu/bS4C4M6mu5gt1WJqar+fByzg=="
      },
      "PgpCore": {
        "type": "Direct",
        "requested": "[5.2.0, )",
        "resolved": "5.2.0",
        "contentHash": "NWuMzPQusUOB5dQYmPDUsVaFOhQ/D8DNDBH1m83qvAJvB2zPNi57vk/jjT0f3h2yFYoi3b66zrqPyUFZfta4yA==",
        "dependencies": {
          "Portable.BouncyCastle": "1.8.9"
        }
      },
      "SharedMemory": {
        "type": "Direct",
        "requested": "[2.2.3, )",
        "resolved": "2.2.3",
        "contentHash": "eR91cl7nHM9YzMxRukwR6jZzO1Dx31agMlgSYgJ3pOeNHXdXesqtmMA+7WbEw1A/cBk5P5kjAUNOMvBXkwvyaQ=="
      },
      "SharpVectors": {
        "type": "Direct",
        "requested": "[1.7.1, )",
        "resolved": "1.7.1",
        "contentHash": "kTiP4pkyW0qPQMxyIYsH7r9wl+cSAmk5ySynhQvc/Ma6bgH9pWWJtM6dvEIoRM4uV2C0QIhWDQeWcTN//0XP9g=="
      },
      "WpfScreenHelper": {
        "type": "Direct",
        "requested": "[2.1.0, )",
        "resolved": "2.1.0",
        "contentHash": "ZzS/lkme7QcYIvQgsVw9D1OuI/fSrNnoDXXDCrFmacYVvdGXOQlGEeQBbKdBP9r4k+3CsUQMZq59RU99I9Mjhw=="
      },
      "Castle.Core": {
        "type": "Transitive",
        "resolved": "4.4.0",
        "contentHash": "b5rRL5zeaau1y/5hIbI+6mGw3cwun16YjkHZnV9RRT5UyUIFsgLmNXJ0YnIN9p8Hw7K7AbG1q1UclQVU3DinAQ==",
        "dependencies": {
          "NETStandard.Library": "1.6.1"
        }
      },
      "ControlzEx": {
        "type": "Transitive",
        "resolved": "4.4.0",
        "contentHash": "pZ5z4hYWwE4R13UMCVs6vII//nL7hz+Nwn4oJlnsZJRGqJNy6Z9KnJiTZfly6lKFu0pMc1aWBZpx+VqFTQKP1Q==",
        "dependencies": {
          "Microsoft.Xaml.Behaviors.Wpf": "1.1.19"
        }
      },
      "Discord.Net": {
        "type": "Transitive",
        "resolved": "2.4.0",
        "contentHash": "cP2GoFsvkMf7xruBiUZlIG4HWeUsMosU7qZg+3E0DeIoCEDQ/2N3fi49RX1LjS6CEdBb8s2IabD/OVP7QCEz3g==",
        "dependencies": {
          "Discord.Net.Commands": "2.4.0",
          "Discord.Net.Core": "2.4.0",
          "Discord.Net.Rest": "2.4.0",
          "Discord.Net.WebSocket": "2.4.0",
          "Discord.Net.Webhook": "2.4.0"
        }
      },
      "Discord.Net.Commands": {
        "type": "Transitive",
        "resolved": "2.4.0",
        "contentHash": "KqkqhTBh30ewHVBpGSq10KY0SWk5n0UWFYcxlYziExU+/0g8Ebu3iBGA21SHSvy27fsSUkmQmeUR4e/qs8ksHg==",
        "dependencies": {
          "Discord.Net.Core": "2.4.0"
        }
      },
      "Discord.Net.Core": {
        "type": "Transitive",
        "resolved": "2.4.0",
        "contentHash": "3nRnZgXtwId/iXJqY/BmbFFOXf18TRExE3JYil6RaUEBEjFF9ufMbhTcE249W0rfTv6F2dzrNKa0yXS912a4Kw==",
        "dependencies": {
          "Newtonsoft.Json": "12.0.2",
          "System.Interactive.Async": "4.0.0"
        }
      },
      "Discord.Net.Rest": {
        "type": "Transitive",
        "resolved": "2.4.0",
        "contentHash": "dnC7yId1fPG+WNFKceQTvDB4ZUVP6eneDGpChrT0UXdAFQX18EuN0qVXcZWCDcVTev4ZG3VpN2QENa7TNrxQxA==",
        "dependencies": {
          "Discord.Net.Core": "2.4.0"
        }
      },
      "Discord.Net.Webhook": {
        "type": "Transitive",
        "resolved": "2.4.0",
        "contentHash": "ajQuZvhQMGzkUr1RmB18okjDDigxCmHBrlgGg51LcY87lik4XfWJdVl690AU9l1xl35UVQ/YF4vEDUduczT29w==",
        "dependencies": {
          "Discord.Net.Core": "2.4.0",
          "Discord.Net.Rest": "2.4.0"
        }
      },
      "Discord.Net.WebSocket": {
        "type": "Transitive",
        "resolved": "2.4.0",
        "contentHash": "+cHZFW2H03sGP+0vm8WG+S0dnhWamHfm1Oa4aSW9q8kWXOUhI+3oytb7VuGD2kxNWR/R8Ow8OVl7yhUiWVqqRA==",
        "dependencies": {
          "Discord.Net.Core": "2.4.0",
          "Discord.Net.Rest": "2.4.0"
        }
      },
      "Gu.Localization": {
        "type": "Transitive",
        "resolved": "6.7.0",
        "contentHash": "vLQCsanHnHDQJPWqsPRk01PC5lTp5HMIOggIkZ7Bep0Djt516lDcIElj9jSRdHnZ5+2UUFbf2Fn7K4o9dlSHlw=="
      },
      "Microsoft.NETCore.Platforms": {
        "type": "Transitive",
        "resolved": "1.1.0",
        "contentHash": "kz0PEW2lhqygehI/d6XsPCQzD7ff7gUJaVGPVETX611eadGsA3A877GdSlU0LRVMCTH/+P3o2iDTak+S08V2+A=="
      },
      "Microsoft.Xaml.Behaviors.Wpf": {
        "type": "Transitive",
        "resolved": "1.1.19",
        "contentHash": "5sPWkbqImc2t1aQwIfJcKsUo7tOg1Tr8+6xVzZJB56Nzt4u9NlpcLofgdX/aRYpPKdWDA3U23Akw1KQzU5e82g=="
      },
      "NETStandard.Library": {
        "type": "Transitive",
        "resolved": "1.6.1",
        "contentHash": "WcSp3+vP+yHNgS8EV5J7pZ9IRpeDuARBPN28by8zqff1wJQXm26PVU8L3/fYLBJVU7BtDyqNVWq2KlCVvSSR4A==",
        "dependencies": {
          "Microsoft.NETCore.Platforms": "1.1.0"
        }
      },
      "Newtonsoft.Json": {
        "type": "Transitive",
        "resolved": "13.0.1",
        "contentHash": "ppPFpBcvxdsfUonNcvITKqLl3bqxWbDCZIzDWHzjpdAHRFfZe0Dw9HmA0+za13IdyrgJwpkDTDA9fHaxOrt20A=="
      },
      "Portable.BouncyCastle": {
        "type": "Transitive",
        "resolved": "1.8.9",
        "contentHash": "wlJo8aFoeyl+W93iFXTK5ShzDYk5WBqoUPjTNEM0Xv9kn1H+4hmuCjF0/n8HLm9Nnp1aY6KNndWqQTNk+NGgRQ=="
      },
      "SocketIOClient": {
        "type": "Transitive",
        "resolved": "2.2.0",
        "contentHash": "vcHjmA15Vd+5e9Es6ypJOdCk//IbBN4+8L2zh7cns02Jjr/OMWWSUdojaHaWtzD7HlBsCM4VAN52HSIcrlKEKw=="
      },
      "System.Interactive.Async": {
        "type": "Transitive",
        "resolved": "4.0.0",
        "contentHash": "tYEzSDQ3rn0G7sGgjcNB91C3dDRJc8m8Lavvu88dwt8FEwKPGZdp/tFs+lQTdqHDV9UItkGIwI8Aa6gGTvzLoQ==",
        "dependencies": {
          "System.Linq.Async": "4.0.0"
        }
      },
      "System.Linq.Async": {
        "type": "Transitive",
        "resolved": "4.0.0",
        "contentHash": "WbiYEedFZeM+psmMyoCt1AKbZppAZg8Eq1ZTQ+521fGNeXqlgJj0tZYV5n1LsKRO5osQuitYxGNuzPTy3213sg=="
      },
      "WebSocketSharp": {
        "type": "Transitive",
        "resolved": "1.0.3-rc11",
        "contentHash": "7VCF7f7zVMOvLGD8LeGS4DVXc8lOcB6kXnUMeTxigu+PMiU+6wW5Olq2gYrDU8vDRKOwFY+5RyBaLyzb8skEzA=="
      },
      "amonguscapture": {
        "type": "Project",
        "dependencies": {
          "AUOffsetManager": "[1.0.0, )",
          "Config.Net": "[4.15.0, )",
          "Config.Net.Json": "[4.15.0, )",
          "Discord.Net": "[2.4.0, )",
          "NLog": "[4.7.10, )",
          "SocketIOClient": "[2.2.0, )",
          "WebSocketSharp": "[1.0.3-rc11, )"
        }
      },
      "auoffsetmanager": {
        "type": "Project",
        "dependencies": {
          "Newtonsoft.Json": "[13.0.1, )"
        }
      }
    }
  }
}